// !$*UTF8*$!
{
	archiveVersion = 1;
	classes = {
	};
	objectVersion = 56;
	objects = {

/* Begin PBXBuildFile section */
		A002 /* Models.swift in Sources */ = {isa = PBXBuildFile; fileRef = F002 /* Models.swift */; };
		A003 /* APIClient.swift in Sources */ = {isa = PBXBuildFile; fileRef = F003 /* APIClient.swift */; };
		A004 /* TodoStore.swift in Sources */ = {isa = PBXBuildFile; fileRef = F004 /* TodoStore.swift */; };
		A005 /* ContentView.swift in Sources */ = {isa = PBXBuildFile; fileRef = F005 /* ContentView.swift */; };
		A006 /* EditItemView.swift in Sources */ = {isa = PBXBuildFile; fileRef = F006 /* EditItemView.swift */; };
		A007 /* OnboardingSettingsView.swift in Sources */ = {isa = PBXBuildFile; fileRef = F007 /* OnboardingSettingsView.swift */; };
		A008 /* KasloTodo/Assets.xcassets in Resources */ = {isa = PBXBuildFile; fileRef = F008 /* KasloTodo/Assets.xcassets */; };
		EE3964642F77094400263C3D /* DashboardView.swift in Sources */ = {isa = PBXBuildFile; fileRef = EE3964632F77093800263C3D /* DashboardView.swift */; };
		EE3964662F7717B300263C3D /* Icalfeed.swift in Sources */ = {isa = PBXBuildFile; fileRef = EE3964652F7717A000263C3D /* Icalfeed.swift */; };
		EED5B60E2F592452004C98EA /* DarkroomModels.swift in Sources */ = {isa = PBXBuildFile; fileRef = EED5B60A2F592452004C98EA /* DarkroomModels.swift */; };
		EED5B60F2F592452004C98EA /* DarkroomStore.swift in Sources */ = {isa = PBXBuildFile; fileRef = EED5B60B2F592452004C98EA /* DarkroomStore.swift */; };
		EED5B6102F592452004C98EA /* DarkroomAPIClient.swift in Sources */ = {isa = PBXBuildFile; fileRef = EED5B6092F592452004C98EA /* DarkroomAPIClient.swift */; };
		EED5B6112F592452004C98EA /* DarkroomView.swift in Sources */ = {isa = PBXBuildFile; fileRef = EED5B60C2F592452004C98EA /* DarkroomView.swift */; };
		EED5B6122F592452004C98EA /* KnotworkApp.swift in Sources */ = {isa = PBXBuildFile; fileRef = EED5B60D2F592452004C98EA /* KnotworkApp.swift */; };
		EEEF54642F58B2D30072AE88 /* WeatherModels.swift in Sources */ = {isa = PBXBuildFile; fileRef = EEEF54632F58B2D30072AE88 /* WeatherModels.swift */; };
		EEEF54662F58B3020072AE88 /* WeatherView.swift in Sources */ = {isa = PBXBuildFile; fileRef = EEEF54652F58B3020072AE88 /* WeatherView.swift */; };
		EEEF54682F58B4F60072AE88 /* WeatherSplashView.swift in Sources */ = {isa = PBXBuildFile; fileRef = EEEF54672F58B4F50072AE88 /* WeatherSplashView.swift */; };
/* End PBXBuildFile section */

/* Begin PBXFileReference section */
		EE3964632F77093800263C3D /* DashboardView.swift */ = {isa = PBXFileReference; lastKnownFileType = sourcecode.swift; path = DashboardView.swift; sourceTree = "<group>"; };
		EE3964652F7717A000263C3D /* Icalfeed.swift */ = {isa = PBXFileReference; lastKnownFileType = sourcecode.swift; path = Icalfeed.swift; sourceTree = "<group>"; };
		EED5B6092F592452004C98EA /* DarkroomAPIClient.swift */ = {isa = PBXFileReference; lastKnownFileType = sourcecode.swift; path = DarkroomAPIClient.swift; sourceTree = "<group>"; };
		EED5B60A2F592452004C98EA /* DarkroomModels.swift */ = {isa = PBXFileReference; lastKnownFileType = sourcecode.swift; path = DarkroomModels.swift; sourceTree = "<group>"; };
		EED5B60B2F592452004C98EA /* DarkroomStore.swift */ = {isa = PBXFileReference; lastKnownFileType = sourcecode.swift; path = DarkroomStore.swift; sourceTree = "<group>"; };
		EED5B60C2F592452004C98EA /* DarkroomView.swift */ = {isa = PBXFileReference; lastKnownFileType = sourcecode.swift; path = DarkroomView.swift; sourceTree = "<group>"; };
		EED5B60D2F592452004C98EA /* KnotworkApp.swift */ = {isa = PBXFileReference; lastKnownFileType = sourcecode.swift; path = KnotworkApp.swift; sourceTree = "<group>"; };
		EEEF54632F58B2D30072AE88 /* WeatherModels.swift */ = {isa = PBXFileReference; lastKnownFileType = sourcecode.swift; path = WeatherModels.swift; sourceTree = "<group>"; };
		EEEF54652F58B3020072AE88 /* WeatherView.swift */ = {isa = PBXFileReference; lastKnownFileType = sourcecode.swift; path = WeatherView.swift; sourceTree = "<group>"; };
		EEEF54672F58B4F50072AE88 /* WeatherSplashView.swift */ = {isa = PBXFileReference; lastKnownFileType = sourcecode.swift; path = WeatherSplashView.swift; sourceTree = "<group>"; };
		F002 /* Models.swift */ = {isa = PBXFileReference; lastKnownFileType = sourcecode.swift; path = Models.swift; sourceTree = "<group>"; };
		F003 /* APIClient.swift */ = {isa = PBXFileReference; lastKnownFileType = sourcecode.swift; path = APIClient.swift; sourceTree = "<group>"; };
		F004 /* TodoStore.swift */ = {isa = PBXFileReference; lastKnownFileType = sourcecode.swift; path = TodoStore.swift; sourceTree = "<group>"; };
		F005 /* ContentView.swift */ = {isa = PBXFileReference; lastKnownFileType = sourcecode.swift; path = ContentView.swift; sourceTree = "<group>"; };
		F006 /* EditItemView.swift */ = {isa = PBXFileReference; lastKnownFileType = sourcecode.swift; path = EditItemView.swift; sourceTree = "<group>"; };
		F007 /* OnboardingSettingsView.swift */ = {isa = PBXFileReference; lastKnownFileType = sourcecode.swift; path = OnboardingSettingsView.swift; sourceTree = "<group>"; };
		F008 /* KasloTodo/Assets.xcassets */ = {isa = PBXFileReference; lastKnownFileType = folder.assetcatalog; path = KasloTodo/Assets.xcassets; sourceTree = "<group>"; };
		PROD /* KasloTodo.app */ = {isa = PBXFileReference; explicitFileType = wrapper.application; includeInIndex = 0; path = KasloTodo.app; sourceTree = BUILT_PRODUCTS_DIR; };
/* End PBXFileReference section */

/* Begin PBXGroup section */
		MAINGRP = {
			isa = PBXGroup;
			children = (
				SRCGRP /* Knotwork */,
				PRODGRP /* Products */,
			);
			sourceTree = "<group>";
		};
		PRODGRP /* Products */ = {
			isa = PBXGroup;
			children = (
				PROD /* KasloTodo.app */,
			);
			name = Products;
			sourceTree = "<group>";
		};
		SRCGRP /* Knotwork */ = {
			isa = PBXGroup;
			children = (
				EE3964652F7717A000263C3D /* Icalfeed.swift */,
				EE3964632F77093800263C3D /* DashboardView.swift */,
				EED5B6092F592452004C98EA /* DarkroomAPIClient.swift */,
				EED5B60A2F592452004C98EA /* DarkroomModels.swift */,
				EED5B60B2F592452004C98EA /* DarkroomStore.swift */,
				EED5B60C2F592452004C98EA /* DarkroomView.swift */,
				EED5B60D2F592452004C98EA /* KnotworkApp.swift */,
				F002 /* Models.swift */,
				F003 /* APIClient.swift */,
				F004 /* TodoStore.swift */,
				F005 /* ContentView.swift */,
				F006 /* EditItemView.swift */,
				F007 /* OnboardingSettingsView.swift */,
				F008 /* KasloTodo/Assets.xcassets */,
				EEEF54632F58B2D30072AE88 /* WeatherModels.swift */,
				EEEF54652F58B3020072AE88 /* WeatherView.swift */,
				EEEF54672F58B4F50072AE88 /* WeatherSplashView.swift */,
			);
			path = Knotwork;
			sourceTree = "<group>";
		};
/* End PBXGroup section */

/* Begin PBXNativeTarget section */
		TARGET /* KasloTodo */ = {
			isa = PBXNativeTarget;
			buildConfigurationList = BUILDCFGLIST /* Build configuration list for PBXNativeTarget "KasloTodo" */;
			buildPhases = (
				SRCPHASE /* Sources */,
				RESPHASE /* Resources */,
			);
			buildRules = (
			);
			dependencies = (
			);
			name = KasloTodo;
			productName = KasloTodo;
			productReference = PROD /* KasloTodo.app */;
			productType = "com.apple.product-type.application";
		};
/* End PBXNativeTarget section */

/* Begin PBXProject section */
		PROJ /* Project object */ = {
			isa = PBXProject;
			attributes = {
				BuildIndependentTargetsInParallel = 1;
				LastSwiftUpdateCheck = 1500;
				LastUpgradeCheck = 2630;
				TargetAttributes = {
					TARGET = {
						CreatedOnToolsVersion = 15.0;
					};
				};
			};
			buildConfigurationList = PROJCFGLIST /* Build configuration list for PBXProject "Knotwork" */;
			compatibilityVersion = "Xcode 14.0";
			developmentRegion = en;
			hasScannedForEncodings = 0;
			knownRegions = (
				en,
				Base,
			);
			mainGroup = MAINGRP;
			productRefGroup = PRODGRP /* Products */;
			projectDirPath = "";
			projectRoot = "";
			targets = (
				TARGET /* KasloTodo */,
			);
		};
/* End PBXProject section */

/* Begin PBXResourcesBuildPhase section */
		RESPHASE /* Resources */ = {
			isa = PBXResourcesBuildPhase;
			buildActionMask = 2147483647;
			files = (
				A008 /* KasloTodo/Assets.xcassets in Resources */,
			);
			runOnlyForDeploymentPostprocessing = 0;
		};
/* End PBXResourcesBuildPhase section */

/* Begin PBXSourcesBuildPhase section */
		SRCPHASE /* Sources */ = {
			isa = PBXSourcesBuildPhase;
			buildActionMask = 2147483647;
			files = (
				A002 /* Models.swift in Sources */,
				EEEF54642F58B2D30072AE88 /* WeatherModels.swift in Sources */,
				A003 /* APIClient.swift in Sources */,
				EEEF54682F58B4F60072AE88 /* WeatherSplashView.swift in Sources */,
				A004 /* TodoStore.swift in Sources */,
				EED5B60E2F592452004C98EA /* DarkroomModels.swift in Sources */,
				EE3964662F7717B300263C3D /* Icalfeed.swift in Sources */,
				EED5B60F2F592452004C98EA /* DarkroomStore.swift in Sources */,
				EE3964642F77094400263C3D /* DashboardView.swift in Sources */,
				EED5B6102F592452004C98EA /* DarkroomAPIClient.swift in Sources */,
				EED5B6112F592452004C98EA /* DarkroomView.swift in Sources */,
				EED5B6122F592452004C98EA /* KnotworkApp.swift in Sources */,
				A005 /* ContentView.swift in Sources */,
				EEEF54662F58B3020072AE88 /* WeatherView.swift in Sources */,
				A006 /* EditItemView.swift in Sources */,
				A007 /* OnboardingSettingsView.swift in Sources */,
			);
			runOnlyForDeploymentPostprocessing = 0;
		};
/* End PBXSourcesBuildPhase section */

/* Begin XCBuildConfiguration section */
		DBGCFG /* Debug */ = {
			isa = XCBuildConfiguration;
			buildSettings = {
				ALWAYS_SEARCH_USER_PATHS = NO;
				ASSETCATALOG_COMPILER_GENERATE_SWIFT_ASSET_SYMBOL_EXTENSIONS = YES;
				CLANG_ANALYZER_NONNULL = YES;
				CLANG_CXX_LANGUAGE_STANDARD = "gnu++20";
				CLANG_WARN_BLOCK_CAPTURE_AUTORELEASING = YES;
				CLANG_WARN_BOOL_CONVERSION = YES;
				CLANG_WARN_COMMA = YES;
				CLANG_WARN_CONSTANT_CONVERSION = YES;
				CLANG_WARN_DEPRECATED_OBJC_IMPLEMENTATIONS = YES;
				CLANG_WARN_EMPTY_BODY = YES;
				CLANG_WARN_ENUM_CONVERSION = YES;
				CLANG_WARN_INFINITE_RECURSION = YES;
				CLANG_WARN_INT_CONVERSION = YES;
				CLANG_WARN_NON_LITERAL_NULL_CONVERSION = YES;
				CLANG_WARN_OBJC_IMPLICIT_RETAIN_SELF = YES;
				CLANG_WARN_OBJC_LITERAL_CONVERSION = YES;
				CLANG_WARN_QUOTED_INCLUDE_IN_FRAMEWORK_HEADER = YES;
				CLANG_WARN_RANGE_LOOP_ANALYSIS = YES;
				CLANG_WARN_STRICT_PROTOTYPES = YES;
				CLANG_WARN_SUSPICIOUS_MOVE = YES;
				CLANG_WARN_UNREACHABLE_CODE = YES;
				CLANG_WARN__DUPLICATE_METHOD_MATCH = YES;
				DEAD_CODE_STRIPPING = YES;
				ENABLE_STRICT_OBJC_MSGSEND = YES;
				ENABLE_TESTABILITY = YES;
				ENABLE_USER_SCRIPT_SANDBOXING = YES;
				GCC_NO_COMMON_BLOCKS = YES;
				GCC_WARN_64_TO_32_BIT_CONVERSION = YES;
				GCC_WARN_ABOUT_RETURN_TYPE = YES;
				GCC_WARN_UNDECLARED_SELECTOR = YES;
				GCC_WARN_UNINITIALIZED_AUTOS = YES;
				GCC_WARN_UNUSED_FUNCTION = YES;
				GCC_WARN_UNUSED_VARIABLE = YES;
				ONLY_ACTIVE_ARCH = YES;
				STRING_CATALOG_GENERATE_SYMBOLS = YES;
				SWIFT_VERSION = 5.0;
			};
			name = Debug;
		};
		RELCFG /* Release */ = {
			isa = XCBuildConfiguration;
			buildSettings = {
				ALWAYS_SEARCH_USER_PATHS = NO;
				CLANG_WARN_BLOCK_CAPTURE_AUTORELEASING = YES;
				CLANG_WARN_BOOL_CONVERSION = YES;
				CLANG_WARN_COMMA = YES;
				CLANG_WARN_CONSTANT_CONVERSION = YES;
				CLANG_WARN_DEPRECATED_OBJC_IMPLEMENTATIONS = YES;
				CLANG_WARN_EMPTY_BODY = YES;
				CLANG_WARN_ENUM_CONVERSION = YES;
				CLANG_WARN_INFINITE_RECURSION = YES;
				CLANG_WARN_INT_CONVERSION = YES;
				CLANG_WARN_NON_LITERAL_NULL_CONVERSION = YES;
				CLANG_WARN_OBJC_IMPLICIT_RETAIN_SELF = YES;
				CLANG_WARN_OBJC_LITERAL_CONVERSION = YES;
				CLANG_WARN_QUOTED_INCLUDE_IN_FRAMEWORK_HEADER = YES;
				CLANG_WARN_RANGE_LOOP_ANALYSIS = YES;
				CLANG_WARN_STRICT_PROTOTYPES = YES;
				CLANG_WARN_SUSPICIOUS_MOVE = YES;
				CLANG_WARN_UNREACHABLE_CODE = YES;
				CLANG_WARN__DUPLICATE_METHOD_MATCH = YES;
				DEAD_CODE_STRIPPING = YES;
				ENABLE_STRICT_OBJC_MSGSEND = YES;
				ENABLE_USER_SCRIPT_SANDBOXING = YES;
				GCC_NO_COMMON_BLOCKS = YES;
				GCC_WARN_64_TO_32_BIT_CONVERSION = YES;
				GCC_WARN_ABOUT_RETURN_TYPE = YES;
				GCC_WARN_UNDECLARED_SELECTOR = YES;
				GCC_WARN_UNINITIALIZED_AUTOS = YES;
				GCC_WARN_UNUSED_FUNCTION = YES;
				GCC_WARN_UNUSED_VARIABLE = YES;
				STRING_CATALOG_GENERATE_SYMBOLS = YES;
				SWIFT_COMPILATION_MODE = wholemodule;
				SWIFT_VERSION = 5.0;
			};
			name = Release;
		};
		TDBG /* Debug */ = {
			isa = XCBuildConfiguration;
			buildSettings = {
				ASSETCATALOG_COMPILER_APPICON_NAME = AppIcon;
				ASSETCATALOG_COMPILER_INCLUDE_ALL_APPICON_ASSETS = NO;
				CLANG_ENABLE_OBJC_WEAK = YES;
				CODE_SIGN_IDENTITY = "Apple Development";
				"CODE_SIGN_IDENTITY[sdk=macosx*]" = "-";
				CODE_SIGN_STYLE = Automatic;
				CURRENT_PROJECT_VERSION = 1;
				DEAD_CODE_STRIPPING = YES;
				DEVELOPMENT_TEAM = ABKCFJF5QD;
				GENERATE_INFOPLIST_FILE = YES;
				INFOPLIST_KEY_CFBundleDisplayName = Knotwork;
				INFOPLIST_KEY_LSApplicationCategoryType = "public.app-category.productivity";
				INFOPLIST_KEY_UIApplicationSceneManifest_Generation = YES;
				INFOPLIST_KEY_UIApplicationSupportsIndirectInputEvents = YES;
				INFOPLIST_KEY_UILaunchScreen_Generation = YES;
				INFOPLIST_KEY_UISupportedInterfaceOrientations_iPhone = "UIInterfaceOrientationPortrait UIInterfaceOrientationPortraitUpsideDown";
				IPHONEOS_DEPLOYMENT_TARGET = 17.0;
				LD_RUNPATH_SEARCH_PATHS = (
					"$(inherited)",
					"@executable_path/Frameworks",
				);
				MARKETING_VERSION = 1.0;
				PRODUCT_BUNDLE_IDENTIFIER = ca.knotwork.KasloTodo;
				PRODUCT_NAME = "$(TARGET_NAME)";
				PROVISIONING_PROFILE_SPECIFIER = "";
				SUPPORTED_PLATFORMS = "iphoneos iphonesimulator";
				SUPPORTS_MACCATALYST = NO;
				SWIFT_EMIT_LOC_STRINGS = YES;
				SWIFT_VERSION = 5.0;
				TARGETED_DEVICE_FAMILY = 1;
			};
			name = Debug;
		};
		TREL /* Release */ = {
			isa = XCBuildConfiguration;
			buildSettings = {
				ASSETCATALOG_COMPILER_APPICON_NAME = AppIcon;
				ASSETCATALOG_COMPILER_INCLUDE_ALL_APPICON_ASSETS = NO;
				CLANG_ENABLE_OBJC_WEAK = YES;
				CODE_SIGN_IDENTITY = "Apple Development";
				"CODE_SIGN_IDENTITY[sdk=macosx*]" = "-";
				CODE_SIGN_STYLE = Automatic;
				CURRENT_PROJECT_VERSION = 1;
				DEAD_CODE_STRIPPING = YES;
				DEVELOPMENT_TEAM = ABKCFJF5QD;
				GENERATE_INFOPLIST_FILE = YES;
				INFOPLIST_KEY_CFBundleDisplayName = Knotwork;
				INFOPLIST_KEY_LSApplicationCategoryType = "public.app-category.productivity";
				INFOPLIST_KEY_UIApplicationSceneManifest_Generation = YES;
				INFOPLIST_KEY_UIApplicationSupportsIndirectInputEvents = YES;
				INFOPLIST_KEY_UILaunchScreen_Generation = YES;
				INFOPLIST_KEY_UISupportedInterfaceOrientations_iPhone = "UIInterfaceOrientationPortrait UIInterfaceOrientationPortraitUpsideDown";
				IPHONEOS_DEPLOYMENT_TARGET = 17.0;
				LD_RUNPATH_SEARCH_PATHS = (
					"$(inherited)",
					"@executable_path/Frameworks",
				);
				MARKETING_VERSION = 1.0;
				PRODUCT_BUNDLE_IDENTIFIER = ca.knotwork.KasloTodo;
				PRODUCT_NAME = "$(TARGET_NAME)";
				PROVISIONING_PROFILE_SPECIFIER = "";
				SUPPORTED_PLATFORMS = "iphoneos iphonesimulator";
				SUPPORTS_MACCATALYST = NO;
				SWIFT_EMIT_LOC_STRINGS = YES;
				SWIFT_VERSION = 5.0;
				TARGETED_DEVICE_FAMILY = 1;
			};
			name = Release;
		};
/* End XCBuildConfiguration section */

/* Begin XCConfigurationList section */
		BUILDCFGLIST /* Build configuration list for PBXNativeTarget "KasloTodo" */ = {
			isa = XCConfigurationList;
			buildConfigurations = (
				TDBG /* Debug */,
				TREL /* Release */,
			);
			defaultConfigurationIsVisible = 0;
			defaultConfigurationName = Release;
		};
		PROJCFGLIST /* Build configuration list for PBXProject "Knotwork" */ = {
			isa = XCConfigurationList;
			buildConfigurations = (
				DBGCFG /* Debug */,
				RELCFG /* Release */,
			);
			defaultConfigurationIsVisible = 0;
			defaultConfigurationName = Release;
		};
/* End XCConfigurationList section */
	};
	rootObject = PROJ /* Project object */;
}
